
Microsoft Visual Studio Solution File, Format Version 12.00
# Visual Studio Version 17
VisualStudioVersion = 17.3.32901.215
MinimumVisualStudioVersion = 10.0.40219.1
Project("{FAE04EC0-301F-11D3-BF4B-00C04F79EFBC}") = "UniversityDatabase", "UniversityDatabase\UniversityDatabase.csproj", "{3C6A37E5-D09D-4ACA-9D3B-1D2FBE3F61E4}"
EndProject
Global
	GlobalSection(SolutionConfigurationPlatforms) = preSolution
		Debug|Any CPU = Debug|Any CPU
		Release|Any CPU = Release|Any CPU
	EndGlobalSection
	GlobalSection(ProjectConfigurationPlatforms) = postSolution
		{3C6A37E5-D09D-4ACA-9D3B-1D2FBE3F61E4}.Debug|Any CPU.ActiveCfg = Debug|Any CPU
		{3C6A37E5-D09D-4ACA-9D3B-1D2FBE3F61E4}.Debug|Any CPU.Build.0 = Debug|Any CPU
		{3C6A37E5-D09D-4ACA-9D3B-1D2FBE3F61E4}.Release|Any CPU.ActiveCfg = Release|Any CPU
		{3C6A37E5-D09D-4ACA-9D3B-1D2FBE3F61E4}.Release|Any CPU.Build.0 = Release|Any CPU
	EndGlobalSection
	GlobalSection(SolutionProperties) = preSolution
		HideSolutionNode = FALSE
	EndGlobalSection
	GlobalSection(ExtensibilityGlobals) = postSolution
		SolutionGuid = {FFD42BA1-61E0-4E71-8C8B-8C654F89ED6F}
	EndGlobalSection
EndGlobal
